
Microsoft Visual Studio Solution File, Format Version 12.00
# Visual Studio Version 17
VisualStudioVersion = 17.2.32519.379
MinimumVisualStudioVersion = 10.0.40219.1
Project("{FAE04EC0-301F-11D3-BF4B-00C04F79EFBC}") = "BFNet_DemoApi", "BFNet_DemoApi\BFNet_DemoApi.csproj", "{2F92AA44-5482-44F6-B3EA-12C60D823D77}"
EndProject
Project("{00D1A9C2-B5F0-4AF3-8072-F6C62B433612}") = "DemoApi_Database", "DemoApi_Database\DemoApi_Database.sqlproj", "{4A43E51F-C068-4105-92DE-4688DFD5EC0B}"
EndProject
Global
	GlobalSection(SolutionConfigurationPlatforms) = preSolution
		Debug|Any CPU = Debug|Any CPU
		Release|Any CPU = Release|Any CPU
	EndGlobalSection
	GlobalSection(ProjectConfigurationPlatforms) = postSolution
		{2F92AA44-5482-44F6-B3EA-12C60D823D77}.Debug|Any CPU.ActiveCfg = Debug|Any CPU
		{2F92AA44-5482-44F6-B3EA-12C60D823D77}.Debug|Any CPU.Build.0 = Debug|Any CPU
		{2F92AA44-5482-44F6-B3EA-12C60D823D77}.Release|Any CPU.ActiveCfg = Release|Any CPU
		{2F92AA44-5482-44F6-B3EA-12C60D823D77}.Release|Any CPU.Build.0 = Release|Any CPU
		{4A43E51F-C068-4105-92DE-4688DFD5EC0B}.Debug|Any CPU.ActiveCfg = Debug|Any CPU
		{4A43E51F-C068-4105-92DE-4688DFD5EC0B}.Debug|Any CPU.Build.0 = Debug|Any CPU
		{4A43E51F-C068-4105-92DE-4688DFD5EC0B}.Debug|Any CPU.Deploy.0 = Debug|Any CPU
		{4A43E51F-C068-4105-92DE-4688DFD5EC0B}.Release|Any CPU.ActiveCfg = Release|Any CPU
		{4A43E51F-C068-4105-92DE-4688DFD5EC0B}.Release|Any CPU.Build.0 = Release|Any CPU
		{4A43E51F-C068-4105-92DE-4688DFD5EC0B}.Release|Any CPU.Deploy.0 = Release|Any CPU
	EndGlobalSection
	GlobalSection(SolutionProperties) = preSolution
		HideSolutionNode = FALSE
	EndGlobalSection
	GlobalSection(ExtensibilityGlobals) = postSolution
		SolutionGuid = {9E0414FC-BE7B-4884-AE14-3C492ABA2343}
	EndGlobalSection
EndGlobal
